
Microsoft Visual Studio Solution File, Format Version 12.00
# Visual Studio Version 17
VisualStudioVersion = 17.5.33530.505
MinimumVisualStudioVersion = 10.0.40219.1
Project("{9A19103F-16F7-4668-BE54-9A1E7A4F7556}") = "Ink Canvas", "Ink Canvas\Ink Canvas.csproj", "{8D0EDFC7-F974-4571-BC49-6F3A6653FE81}"
EndProject
Project("{FAE04EC0-301F-11D3-BF4B-00C04F79EFBC}") = "Ink-Canvas-Better (Abandoned)", "Ink-Canvas-Better\Ink-Canvas-Better (Abandoned).csproj", "{0AB73D01-FD18-4EDA-BE24-12B9175BFCC6}"
EndProject
Project("{FAE04EC0-301F-11D3-BF4B-00C04F79EFBC}") = "ICBCustomControlLibrary", "ICBCustomControlLibrary\ICBCustomControlLibrary.csproj", "{6441DEFE-A654-43EA-A50B-89A473EE4E7F}"
EndProject
Project("{FAE04EC0-301F-11D3-BF4B-00C04F79EFBC}") = "CustomControlTest", "CustomControlTest\CustomControlTest.csproj", "{11D53FE8-94F0-47A8-B076-CF512E361716}"
	ProjectSection(ProjectDependencies) = postProject
		{6441DEFE-A654-43EA-A50B-89A473EE4E7F} = {6441DEFE-A654-43EA-A50B-89A473EE4E7F}
	EndProjectSection
EndProject
Project("{FAE04EC0-301F-11D3-BF4B-00C04F79EFBC}") = "Ink Canvas Better", "Ink Canvas Better\Ink Canvas Better.csproj", "{7BB70DA8-1BF5-44A3-A183-BD34E41E39BD}"
EndProject
Global
	GlobalSection(SolutionConfigurationPlatforms) = preSolution
		Debug|Any CPU = Debug|Any CPU
		Debug|ARM = Debug|ARM
		Debug|ARM64 = Debug|ARM64
		Debug|x64 = Debug|x64
		Debug|x86 = Debug|x86
		Release|Any CPU = Release|Any CPU
		Release|ARM = Release|ARM
		Release|ARM64 = Release|ARM64
		Release|x64 = Release|x64
		Release|x86 = Release|x86
	EndGlobalSection
	GlobalSection(ProjectConfigurationPlatforms) = postSolution
		{8D0EDFC7-F974-4571-BC49-6F3A6653FE81}.Debug|Any CPU.ActiveCfg = Debug|Any CPU
		{8D0EDFC7-F974-4571-BC49-6F3A6653FE81}.Debug|Any CPU.Build.0 = Debug|Any CPU
		{8D0EDFC7-F974-4571-BC49-6F3A6653FE81}.Debug|ARM.ActiveCfg = Debug|Any CPU
		{8D0EDFC7-F974-4571-BC49-6F3A6653FE81}.Debug|ARM.Build.0 = Debug|Any CPU
		{8D0EDFC7-F974-4571-BC49-6F3A6653FE81}.Debug|ARM64.ActiveCfg = Debug|ARM64
		{8D0EDFC7-F974-4571-BC49-6F3A6653FE81}.Debug|ARM64.Build.0 = Debug|ARM64
		{8D0EDFC7-F974-4571-BC49-6F3A6653FE81}.Debug|x64.ActiveCfg = Debug|x64
		{8D0EDFC7-F974-4571-BC49-6F3A6653FE81}.Debug|x64.Build.0 = Debug|x64
		{8D0EDFC7-F974-4571-BC49-6F3A6653FE81}.Debug|x86.ActiveCfg = Debug|x86
		{8D0EDFC7-F974-4571-BC49-6F3A6653FE81}.Debug|x86.Build.0 = Debug|x86
		{8D0EDFC7-F974-4571-BC49-6F3A6653FE81}.Release|Any CPU.ActiveCfg = Release|Any CPU
		{8D0EDFC7-F974-4571-BC49-6F3A6653FE81}.Release|Any CPU.Build.0 = Release|Any CPU
		{8D0EDFC7-F974-4571-BC49-6F3A6653FE81}.Release|ARM.ActiveCfg = Release|Any CPU
		{8D0EDFC7-F974-4571-BC49-6F3A6653FE81}.Release|ARM.Build.0 = Release|Any CPU
		{8D0EDFC7-F974-4571-BC49-6F3A6653FE81}.Release|ARM64.ActiveCfg = Release|ARM64
		{8D0EDFC7-F974-4571-BC49-6F3A6653FE81}.Release|ARM64.Build.0 = Release|ARM64
		{8D0EDFC7-F974-4571-BC49-6F3A6653FE81}.Release|x64.ActiveCfg = Release|x64
		{8D0EDFC7-F974-4571-BC49-6F3A6653FE81}.Release|x64.Build.0 = Release|x64
		{8D0EDFC7-F974-4571-BC49-6F3A6653FE81}.Release|x86.ActiveCfg = Release|x86
		{8D0EDFC7-F974-4571-BC49-6F3A6653FE81}.Release|x86.Build.0 = Release|x86
		{0AB73D01-FD18-4EDA-BE24-12B9175BFCC6}.Debug|Any CPU.ActiveCfg = Debug|Any CPU
		{0AB73D01-FD18-4EDA-BE24-12B9175BFCC6}.Debug|Any CPU.Build.0 = Debug|Any CPU
		{0AB73D01-FD18-4EDA-BE24-12B9175BFCC6}.Debug|ARM.ActiveCfg = Debug|Any CPU
		{0AB73D01-FD18-4EDA-BE24-12B9175BFCC6}.Debug|ARM.Build.0 = Debug|Any CPU
		{0AB73D01-FD18-4EDA-BE24-12B9175BFCC6}.Debug|ARM64.ActiveCfg = Debug|Any CPU
		{0AB73D01-FD18-4EDA-BE24-12B9175BFCC6}.Debug|ARM64.Build.0 = Debug|Any CPU
		{0AB73D01-FD18-4EDA-BE24-12B9175BFCC6}.Debug|x64.ActiveCfg = Debug|Any CPU
		{0AB73D01-FD18-4EDA-BE24-12B9175BFCC6}.Debug|x64.Build.0 = Debug|Any CPU
		{0AB73D01-FD18-4EDA-BE24-12B9175BFCC6}.Debug|x86.ActiveCfg = Debug|Any CPU
		{0AB73D01-FD18-4EDA-BE24-12B9175BFCC6}.Debug|x86.Build.0 = Debug|Any CPU
		{0AB73D01-FD18-4EDA-BE24-12B9175BFCC6}.Release|Any CPU.ActiveCfg = Release|Any CPU
		{0AB73D01-FD18-4EDA-BE24-12B9175BFCC6}.Release|Any CPU.Build.0 = Release|Any CPU
		{0AB73D01-FD18-4EDA-BE24-12B9175BFCC6}.Release|ARM.ActiveCfg = Release|Any CPU
		{0AB73D01-FD18-4EDA-BE24-12B9175BFCC6}.Release|ARM.Build.0 = Release|Any CPU
		{0AB73D01-FD18-4EDA-BE24-12B9175BFCC6}.Release|ARM64.ActiveCfg = Release|Any CPU
		{0AB73D01-FD18-4EDA-BE24-12B9175BFCC6}.Release|ARM64.Build.0 = Release|Any CPU
		{0AB73D01-FD18-4EDA-BE24-12B9175BFCC6}.Release|x64.ActiveCfg = Release|Any CPU
		{0AB73D01-FD18-4EDA-BE24-12B9175BFCC6}.Release|x64.Build.0 = Release|Any CPU
		{0AB73D01-FD18-4EDA-BE24-12B9175BFCC6}.Release|x86.ActiveCfg = Release|Any CPU
		{0AB73D01-FD18-4EDA-BE24-12B9175BFCC6}.Release|x86.Build.0 = Release|Any CPU
		{6441DEFE-A654-43EA-A50B-89A473EE4E7F}.Debug|Any CPU.ActiveCfg = Debug|Any CPU
		{6441DEFE-A654-43EA-A50B-89A473EE4E7F}.Debug|Any CPU.Build.0 = Debug|Any CPU
		{6441DEFE-A654-43EA-A50B-89A473EE4E7F}.Debug|ARM.ActiveCfg = Debug|Any CPU
		{6441DEFE-A654-43EA-A50B-89A473EE4E7F}.Debug|ARM.Build.0 = Debug|Any CPU
		{6441DEFE-A654-43EA-A50B-89A473EE4E7F}.Debug|ARM64.ActiveCfg = Debug|Any CPU
		{6441DEFE-A654-43EA-A50B-89A473EE4E7F}.Debug|ARM64.Build.0 = Debug|Any CPU
		{6441DEFE-A654-43EA-A50B-89A473EE4E7F}.Debug|x64.ActiveCfg = Debug|Any CPU
		{6441DEFE-A654-43EA-A50B-89A473EE4E7F}.Debug|x64.Build.0 = Debug|Any CPU
		{6441DEFE-A654-43EA-A50B-89A473EE4E7F}.Debug|x86.ActiveCfg = Debug|Any CPU
		{6441DEFE-A654-43EA-A50B-89A473EE4E7F}.Debug|x86.Build.0 = Debug|Any CPU
		{6441DEFE-A654-43EA-A50B-89A473EE4E7F}.Release|Any CPU.ActiveCfg = Release|Any CPU
		{6441DEFE-A654-43EA-A50B-89A473EE4E7F}.Release|Any CPU.Build.0 = Release|Any CPU
		{6441DEFE-A654-43EA-A50B-89A473EE4E7F}.Release|ARM.ActiveCfg = Release|Any CPU
		{6441DEFE-A654-43EA-A50B-89A473EE4E7F}.Release|ARM.Build.0 = Release|Any CPU
		{6441DEFE-A654-43EA-A50B-89A473EE4E7F}.Release|ARM64.ActiveCfg = Release|Any CPU
		{6441DEFE-A654-43EA-A50B-89A473EE4E7F}.Release|ARM64.Build.0 = Release|Any CPU
		{6441DEFE-A654-43EA-A50B-89A473EE4E7F}.Release|x64.ActiveCfg = Release|Any CPU
		{6441DEFE-A654-43EA-A50B-89A473EE4E7F}.Release|x64.Build.0 = Release|Any CPU
		{6441DEFE-A654-43EA-A50B-89A473EE4E7F}.Release|x86.ActiveCfg = Release|Any CPU
		{6441DEFE-A654-43EA-A50B-89A473EE4E7F}.Release|x86.Build.0 = Release|Any CPU
		{11D53FE8-94F0-47A8-B076-CF512E361716}.Debug|Any CPU.ActiveCfg = Debug|Any CPU
		{11D53FE8-94F0-47A8-B076-CF512E361716}.Debug|Any CPU.Build.0 = Debug|Any CPU
		{11D53FE8-94F0-47A8-B076-CF512E361716}.Debug|ARM.ActiveCfg = Debug|Any CPU
		{11D53FE8-94F0-47A8-B076-CF512E361716}.Debug|ARM.Build.0 = Debug|Any CPU
		{11D53FE8-94F0-47A8-B076-CF512E361716}.Debug|ARM64.ActiveCfg = Debug|Any CPU
		{11D53FE8-94F0-47A8-B076-CF512E361716}.Debug|ARM64.Build.0 = Debug|Any CPU
		{11D53FE8-94F0-47A8-B076-CF512E361716}.Debug|x64.ActiveCfg = Debug|Any CPU
		{11D53FE8-94F0-47A8-B076-CF512E361716}.Debug|x64.Build.0 = Debug|Any CPU
		{11D53FE8-94F0-47A8-B076-CF512E361716}.Debug|x86.ActiveCfg = Debug|Any CPU
		{11D53FE8-94F0-47A8-B076-CF512E361716}.Debug|x86.Build.0 = Debug|Any CPU
		{11D53FE8-94F0-47A8-B076-CF512E361716}.Release|Any CPU.ActiveCfg = Release|Any CPU
		{11D53FE8-94F0-47A8-B076-CF512E361716}.Release|Any CPU.Build.0 = Release|Any CPU
		{11D53FE8-94F0-47A8-B076-CF512E361716}.Release|ARM.ActiveCfg = Release|Any CPU
		{11D53FE8-94F0-47A8-B076-CF512E361716}.Release|ARM.Build.0 = Release|Any CPU
		{11D53FE8-94F0-47A8-B076-CF512E361716}.Release|ARM64.ActiveCfg = Release|Any CPU
		{11D53FE8-94F0-47A8-B076-CF512E361716}.Release|ARM64.Build.0 = Release|Any CPU
		{11D53FE8-94F0-47A8-B076-CF512E361716}.Release|x64.ActiveCfg = Release|Any CPU
		{11D53FE8-94F0-47A8-B076-CF512E361716}.Release|x64.Build.0 = Release|Any CPU
		{11D53FE8-94F0-47A8-B076-CF512E361716}.Release|x86.ActiveCfg = Release|Any CPU
		{11D53FE8-94F0-47A8-B076-CF512E361716}.Release|x86.Build.0 = Release|Any CPU
		{7BB70DA8-1BF5-44A3-A183-BD34E41E39BD}.Debug|Any CPU.ActiveCfg = Debug|Any CPU
		{7BB70DA8-1BF5-44A3-A183-BD34E41E39BD}.Debug|Any CPU.Build.0 = Debug|Any CPU
		{7BB70DA8-1BF5-44A3-A183-BD34E41E39BD}.Debug|ARM.ActiveCfg = Debug|Any CPU
		{7BB70DA8-1BF5-44A3-A183-BD34E41E39BD}.Debug|ARM.Build.0 = Debug|Any CPU
		{7BB70DA8-1BF5-44A3-A183-BD34E41E39BD}.Debug|ARM64.ActiveCfg = Debug|Any CPU
		{7BB70DA8-1BF5-44A3-A183-BD34E41E39BD}.Debug|ARM64.Build.0 = Debug|Any CPU
		{7BB70DA8-1BF5-44A3-A183-BD34E41E39BD}.Debug|x64.ActiveCfg = Debug|Any CPU
		{7BB70DA8-1BF5-44A3-A183-BD34E41E39BD}.Debug|x64.Build.0 = Debug|Any CPU
		{7BB70DA8-1BF5-44A3-A183-BD34E41E39BD}.Debug|x86.ActiveCfg = Debug|Any CPU
		{7BB70DA8-1BF5-44A3-A183-BD34E41E39BD}.Debug|x86.Build.0 = Debug|Any CPU
		{7BB70DA8-1BF5-44A3-A183-BD34E41E39BD}.Release|Any CPU.ActiveCfg = Release|Any CPU
		{7BB70DA8-1BF5-44A3-A183-BD34E41E39BD}.Release|Any CPU.Build.0 = Release|Any CPU
		{7BB70DA8-1BF5-44A3-A183-BD34E41E39BD}.Release|ARM.ActiveCfg = Release|Any CPU
		{7BB70DA8-1BF5-44A3-A183-BD34E41E39BD}.Release|ARM.Build.0 = Release|Any CPU
		{7BB70DA8-1BF5-44A3-A183-BD34E41E39BD}.Release|ARM64.ActiveCfg = Release|Any CPU
		{7BB70DA8-1BF5-44A3-A183-BD34E41E39BD}.Release|ARM64.Build.0 = Release|Any CPU
		{7BB70DA8-1BF5-44A3-A183-BD34E41E39BD}.Release|x64.ActiveCfg = Release|Any CPU
		{7BB70DA8-1BF5-44A3-A183-BD34E41E39BD}.Release|x64.Build.0 = Release|Any CPU
		{7BB70DA8-1BF5-44A3-A183-BD34E41E39BD}.Release|x86.ActiveCfg = Release|Any CPU
		{7BB70DA8-1BF5-44A3-A183-BD34E41E39BD}.Release|x86.Build.0 = Release|Any CPU
	EndGlobalSection
	GlobalSection(SolutionProperties) = preSolution
		HideSolutionNode = FALSE
	EndGlobalSection
	GlobalSection(ExtensibilityGlobals) = postSolution
		SolutionGuid = {89B9DD11-110D-428C-AB08-859B7F4B4E19}
	EndGlobalSection
EndGlobal
